
Microsoft Visual Studio Solution File, Format Version 12.00
# Visual Studio Version 16
VisualStudioVersion = 16.0.29609.76
MinimumVisualStudioVersion = 10.0.40219.1
Project("{FAE04EC0-301F-11D3-BF4B-00C04F79EFBC}") = "DesignPatterns", "DesignPatterns\DesignPatterns.csproj", "{8AE02AEA-8ED9-49D0-89E1-513C1E0B7F99}"
EndProject
Global
	GlobalSection(SolutionConfigurationPlatforms) = preSolution
		Debug|Any CPU = Debug|Any CPU
		Release|Any CPU = Release|Any CPU
	EndGlobalSection
	GlobalSection(ProjectConfigurationPlatforms) = postSolution
		{8AE02AEA-8ED9-49D0-89E1-513C1E0B7F99}.Debug|Any CPU.ActiveCfg = Debug|Any CPU
		{8AE02AEA-8ED9-49D0-89E1-513C1E0B7F99}.Debug|Any CPU.Build.0 = Debug|Any CPU
		{8AE02AEA-8ED9-49D0-89E1-513C1E0B7F99}.Release|Any CPU.ActiveCfg = Release|Any CPU
		{8AE02AEA-8ED9-49D0-89E1-513C1E0B7F99}.Release|Any CPU.Build.0 = Release|Any CPU
	EndGlobalSection
	GlobalSection(SolutionProperties) = preSolution
		HideSolutionNode = FALSE
	EndGlobalSection
	GlobalSection(ExtensibilityGlobals) = postSolution
		SolutionGuid = {50170B31-356B-46C2-96B8-5D2B65FF501C}
	EndGlobalSection
EndGlobal
